
Microsoft Visual Studio Solution File, Format Version 12.00
# Visual Studio 15
VisualStudioVersion = 15.0.28307.438
MinimumVisualStudioVersion = 10.0.40219.1
Project("{8BC9CEB8-8B4A-11D0-8D11-00A0C91BC942}") = "Game_Login", "Game_Login\Game_Login.vcxproj", "{99A402AE-3481-4D6A-9409-87EBD61DB19D}"
EndProject
Global
	GlobalSection(SolutionConfigurationPlatforms) = preSolution
		Debug|x64 = Debug|x64
		Debug|x86 = Debug|x86
		Release|x64 = Release|x64
		Release|x86 = Release|x86
	EndGlobalSection
	GlobalSection(ProjectConfigurationPlatforms) = postSolution
		{99A402AE-3481-4D6A-9409-87EBD61DB19D}.Debug|x64.ActiveCfg = Debug|x64
		{99A402AE-3481-4D6A-9409-87EBD61DB19D}.Debug|x64.Build.0 = Debug|x64
		{99A402AE-3481-4D6A-9409-87EBD61DB19D}.Debug|x86.ActiveCfg = Debug|Win32
		{99A402AE-3481-4D6A-9409-87EBD61DB19D}.Debug|x86.Build.0 = Debug|Win32
		{99A402AE-3481-4D6A-9409-87EBD61DB19D}.Release|x64.ActiveCfg = Release|x64
		{99A402AE-3481-4D6A-9409-87EBD61DB19D}.Release|x64.Build.0 = Release|x64
		{99A402AE-3481-4D6A-9409-87EBD61DB19D}.Release|x86.ActiveCfg = Release|Win32
		{99A402AE-3481-4D6A-9409-87EBD61DB19D}.Release|x86.Build.0 = Release|Win32
	EndGlobalSection
	GlobalSection(SolutionProperties) = preSolution
		HideSolutionNode = FALSE
	EndGlobalSection
	GlobalSection(ExtensibilityGlobals) = postSolution
		SolutionGuid = {BD8227C7-4554-4DD5-9C59-ABBB963F146D}
	EndGlobalSection
EndGlobal
