
Microsoft Visual Studio Solution File, Format Version 12.00
# Visual Studio 15
VisualStudioVersion = 15.0.28307.438
MinimumVisualStudioVersion = 10.0.40219.1
Project("{8BC9CEB8-8B4A-11D0-8D11-00A0C91BC942}") = "3_Input", "3_Input\3_Input.vcxproj", "{83CBE916-D31D-4650-81F9-A30CF4D44A09}"
EndProject
Global
	GlobalSection(SolutionConfigurationPlatforms) = preSolution
		Debug|x64 = Debug|x64
		Debug|x86 = Debug|x86
		Release|x64 = Release|x64
		Release|x86 = Release|x86
	EndGlobalSection
	GlobalSection(ProjectConfigurationPlatforms) = postSolution
		{83CBE916-D31D-4650-81F9-A30CF4D44A09}.Debug|x64.ActiveCfg = Debug|x64
		{83CBE916-D31D-4650-81F9-A30CF4D44A09}.Debug|x64.Build.0 = Debug|x64
		{83CBE916-D31D-4650-81F9-A30CF4D44A09}.Debug|x86.ActiveCfg = Debug|Win32
		{83CBE916-D31D-4650-81F9-A30CF4D44A09}.Debug|x86.Build.0 = Debug|Win32
		{83CBE916-D31D-4650-81F9-A30CF4D44A09}.Release|x64.ActiveCfg = Release|x64
		{83CBE916-D31D-4650-81F9-A30CF4D44A09}.Release|x64.Build.0 = Release|x64
		{83CBE916-D31D-4650-81F9-A30CF4D44A09}.Release|x86.ActiveCfg = Release|Win32
		{83CBE916-D31D-4650-81F9-A30CF4D44A09}.Release|x86.Build.0 = Release|Win32
	EndGlobalSection
	GlobalSection(SolutionProperties) = preSolution
		HideSolutionNode = FALSE
	EndGlobalSection
	GlobalSection(ExtensibilityGlobals) = postSolution
		SolutionGuid = {ADA9F3E9-76F0-477D-A07B-EB783E7E7E71}
	EndGlobalSection
EndGlobal
