
Microsoft Visual Studio Solution File, Format Version 12.00
# Visual Studio 15
VisualStudioVersion = 15.0.28307.902
MinimumVisualStudioVersion = 10.0.40219.1
Project("{8BC9CEB8-8B4A-11D0-8D11-00A0C91BC942}") = "Project1", "Project1\Project1.vcxproj", "{DFE3B9DA-7634-4B9D-B01E-1497972DE07B}"
EndProject
Global
	GlobalSection(SolutionConfigurationPlatforms) = preSolution
		Debug|x64 = Debug|x64
		Debug|x86 = Debug|x86
		Release|x64 = Release|x64
		Release|x86 = Release|x86
	EndGlobalSection
	GlobalSection(ProjectConfigurationPlatforms) = postSolution
		{DFE3B9DA-7634-4B9D-B01E-1497972DE07B}.Debug|x64.ActiveCfg = Debug|x64
		{DFE3B9DA-7634-4B9D-B01E-1497972DE07B}.Debug|x64.Build.0 = Debug|x64
		{DFE3B9DA-7634-4B9D-B01E-1497972DE07B}.Debug|x86.ActiveCfg = Debug|Win32
		{DFE3B9DA-7634-4B9D-B01E-1497972DE07B}.Debug|x86.Build.0 = Debug|Win32
		{DFE3B9DA-7634-4B9D-B01E-1497972DE07B}.Release|x64.ActiveCfg = Release|x64
		{DFE3B9DA-7634-4B9D-B01E-1497972DE07B}.Release|x64.Build.0 = Release|x64
		{DFE3B9DA-7634-4B9D-B01E-1497972DE07B}.Release|x86.ActiveCfg = Release|Win32
		{DFE3B9DA-7634-4B9D-B01E-1497972DE07B}.Release|x86.Build.0 = Release|Win32
	EndGlobalSection
	GlobalSection(SolutionProperties) = preSolution
		HideSolutionNode = FALSE
	EndGlobalSection
	GlobalSection(ExtensibilityGlobals) = postSolution
		SolutionGuid = {AE4BA292-F881-459A-BBEB-4CF57DB07CA4}
	EndGlobalSection
EndGlobal
